<?xml version="1.0" encoding="utf-8"?>
<Project ToolsVersion="4.0" xmlns="http://schemas.microsoft.com/developer/msbuild/2003">
  <ItemGroup>
    <ClInclude Include="inc\GraphicsDevice.h">
      <Filter>Source</Filter>
    </ClInclude>
    <ClInclude Include="inc\Prerequisites.h">
      <Filter>Source</Filter>
    </ClInclude>
    <ClInclude Include="inc\DX12GraphicsAPI.h" />
  </ItemGroup>
  <ItemGroup>
    <Filter Include="Source">
      <UniqueIdentifier>{670340d0-571c-48d7-b6b6-567f30cee779}</UniqueIdentifier>
    </Filter>
  </ItemGroup>
  <ItemGroup>
    <ClCompile Include="src\GraphicsDevice.cpp">
      <Filter>Source</Filter>
    </ClCompile>
    <ClCompile Include="src\DX12GraphicsAPI.cpp" />
  </ItemGroup>
</Project>